{
  "name": "@puffle/x-signal-drafts",
  "version": "0.1.0",
  "lockfileVersion": 3,
  "requires": true,
  "packages": {
    "": {
      "name": "@puffle/x-signal-drafts",
      "version": "0.1.0",
      "license": "MIT",
      "bin": {
        "x-signal-drafts": "src/cli.mjs"
      },
      "engines": {
        "node": ">=20"
      }
    }
  }
}
